
Microsoft Visual Studio Solution File, Format Version 12.00
# Visual Studio 15
Project("{FAE04EC0-301F-11D3-BF4B-00C04F79EFBC}") = "CoursesManagement", "CoursesManagement.csproj", "{37BCA411-4408-4255-8D29-4686A40B33CB}"
EndProject
Global
	GlobalSection(SolutionConfigurationPlatforms) = preSolution
		Debug|Any CPU = Debug|Any CPU
		Release|Any CPU = Release|Any CPU
	EndGlobalSection
	GlobalSection(ProjectConfigurationPlatforms) = postSolution
		{37BCA411-4408-4255-8D29-4686A40B33CB}.Debug|Any CPU.ActiveCfg = Debug|Any CPU
		{37BCA411-4408-4255-8D29-4686A40B33CB}.Debug|Any CPU.Build.0 = Debug|Any CPU
		{37BCA411-4408-4255-8D29-4686A40B33CB}.Release|Any CPU.ActiveCfg = Release|Any CPU
		{37BCA411-4408-4255-8D29-4686A40B33CB}.Release|Any CPU.Build.0 = Release|Any CPU
	EndGlobalSection
EndGlobal
